
Microsoft Visual Studio Solution File, Format Version 12.00
# Visual Studio Version 17
VisualStudioVersion = 17.11.35222.181
MinimumVisualStudioVersion = 10.0.40219.1
Project("{FAE04EC0-301F-11D3-BF4B-00C04F79EFBC}") = "forms-api", "forms-api\forms-api.csproj", "{B3DD13BB-48CC-4DC1-9447-7294CDE200EF}"
EndProject
Global
	GlobalSection(SolutionConfigurationPlatforms) = preSolution
		Debug|Any CPU = Debug|Any CPU
		Release|Any CPU = Release|Any CPU
	EndGlobalSection
	GlobalSection(ProjectConfigurationPlatforms) = postSolution
		{B3DD13BB-48CC-4DC1-9447-7294CDE200EF}.Debug|Any CPU.ActiveCfg = Debug|Any CPU
		{B3DD13BB-48CC-4DC1-9447-7294CDE200EF}.Debug|Any CPU.Build.0 = Debug|Any CPU
		{B3DD13BB-48CC-4DC1-9447-7294CDE200EF}.Release|Any CPU.ActiveCfg = Release|Any CPU
		{B3DD13BB-48CC-4DC1-9447-7294CDE200EF}.Release|Any CPU.Build.0 = Release|Any CPU
	EndGlobalSection
	GlobalSection(SolutionProperties) = preSolution
		HideSolutionNode = FALSE
	EndGlobalSection
	GlobalSection(ExtensibilityGlobals) = postSolution
		SolutionGuid = {80B1EAF6-7B16-4022-A183-721EED291E37}
	EndGlobalSection
EndGlobal
